
Microsoft Visual Studio Solution File, Format Version 12.00
# Visual Studio 2013
VisualStudioVersion = 12.0.40629.0
MinimumVisualStudioVersion = 10.0.40219.1
Project("{8BC9CEB8-8B4A-11D0-8D11-00A0C91BC942}") = "PerceptionNeuron_vs2013", "PerceptionNeuron_vs2013\PerceptionNeuron_vs2013.vcxproj", "{35991AE2-7583-46E1-B049-F4D5B16ED10A}"
EndProject
Global
	GlobalSection(SolutionConfigurationPlatforms) = preSolution
		Release|Win32 = Release|Win32
	EndGlobalSection
	GlobalSection(ProjectConfigurationPlatforms) = postSolution
		{35991AE2-7583-46E1-B049-F4D5B16ED10A}.Release|Win32.ActiveCfg = Release|Win32
		{35991AE2-7583-46E1-B049-F4D5B16ED10A}.Release|Win32.Build.0 = Release|Win32
	EndGlobalSection
	GlobalSection(SolutionProperties) = preSolution
		HideSolutionNode = FALSE
	EndGlobalSection
EndGlobal
